
Microsoft Visual Studio Solution File, Format Version 12.00
# Visual Studio Version 16
VisualStudioVersion = 16.0.29215.179
MinimumVisualStudioVersion = 10.0.40219.1
Project("{FAE04EC0-301F-11D3-BF4B-00C04F79EFBC}") = "project", "project.csproj", "{3AC0B852-E1F0-4E42-8E0C-497AD2D8FA93}"
EndProject
Global
	GlobalSection(SolutionConfigurationPlatforms) = preSolution
		Debug|Any CPU = Debug|Any CPU
		Release|Any CPU = Release|Any CPU
	EndGlobalSection
	GlobalSection(ProjectConfigurationPlatforms) = postSolution
		{3AC0B852-E1F0-4E42-8E0C-497AD2D8FA93}.Debug|Any CPU.ActiveCfg = Debug|Any CPU
		{3AC0B852-E1F0-4E42-8E0C-497AD2D8FA93}.Debug|Any CPU.Build.0 = Debug|Any CPU
		{3AC0B852-E1F0-4E42-8E0C-497AD2D8FA93}.Release|Any CPU.ActiveCfg = Release|Any CPU
		{3AC0B852-E1F0-4E42-8E0C-497AD2D8FA93}.Release|Any CPU.Build.0 = Release|Any CPU
	EndGlobalSection
	GlobalSection(SolutionProperties) = preSolution
		HideSolutionNode = FALSE
	EndGlobalSection
	GlobalSection(ExtensibilityGlobals) = postSolution
		SolutionGuid = {40AB5D3A-A70A-44D8-8D27-51EE8C20F12B}
	EndGlobalSection
EndGlobal
